{
  "version": "5",
  "redirects": {
    "https://esm.sh/@supabase/supabase-js@2": "https://esm.sh/@supabase/supabase-js@2.75.1",
    "https://esm.sh/tr46@~0.0.3?target=denonext": "https://esm.sh/tr46@0.0.3?target=denonext",
    "https://esm.sh/webidl-conversions@^3.0.0?target=denonext": "https://esm.sh/webidl-conversions@3.0.1?target=denonext",
    "https://esm.sh/whatwg-url@^5.0.0?target=denonext": "https://esm.sh/whatwg-url@5.0.0?target=denonext"
  },
  "remote": {
    "https://esm.sh/@supabase/auth-js@2.75.1/denonext/auth-js.mjs": "6ec70b8ed2eb17411d46d4cfd39ad885a8c1ae80f47b4f97682a5714ca921a8f",
    "https://esm.sh/@supabase/functions-js@2.75.1/denonext/functions-js.mjs": "21f004a4039eeab68fb1300b09282d13bd036ac5fc3b9cadae4336354644579c",
    "https://esm.sh/@supabase/node-fetch@2.6.15/denonext/node-fetch.mjs": "0bae9052231f4f6dbccc7234d05ea96923dbf967be12f402764580b6bf9f713d",
    "https://esm.sh/@supabase/postgrest-js@2.75.1/denonext/postgrest-js.mjs": "b980150701e67a398ff7cd7831a8fe69f15a1efe93391a2cf6d11fbd0ee270db",
    "https://esm.sh/@supabase/realtime-js@2.75.1/denonext/realtime-js.mjs": "249f63e0668e6cf420bbf2f62870fbf12fb566f3a394b92391e08254059c175a",
    "https://esm.sh/@supabase/storage-js@2.75.1/denonext/storage-js.mjs": "3277ebf3ea6b412cf4e3b6fe4f140ef2adab58676ce1614a11ab2cb6ef27ee83",
    "https://esm.sh/@supabase/supabase-js@2.75.1": "6c7aac88943f6db7bb9e2f8215cab0b406443c581a142d4e9363f0b1e74e75b8",
    "https://esm.sh/@supabase/supabase-js@2.75.1/denonext/supabase-js.mjs": "bcbf04eaf96a4ecccb5f1c1d4a0d8cdbd448be3b60a7098f0c7c4f64807bb2c3",
    "https://esm.sh/tr46@0.0.3/denonext/tr46.mjs": "5753ec0a99414f4055f0c1f97691100f13d88e48a8443b00aebb90a512785fa2",
    "https://esm.sh/tr46@0.0.3?target=denonext": "19cb9be0f0d418a0c3abb81f2df31f080e9540a04e43b0f699bce1149cba0cbb",
    "https://esm.sh/webidl-conversions@3.0.1/denonext/webidl-conversions.mjs": "54b5c2d50a294853c4ccebf9d5ed8988c94f4e24e463d84ec859a866ea5fafec",
    "https://esm.sh/webidl-conversions@3.0.1?target=denonext": "4e20318d50528084616c79d7b3f6e7f0fe7b6d09013bd01b3974d7448d767e29",
    "https://esm.sh/whatwg-url@5.0.0/denonext/whatwg-url.mjs": "29b16d74ee72624c915745bbd25b617cfd2248c6af0f5120d131e232a9a9af79",
    "https://esm.sh/whatwg-url@5.0.0?target=denonext": "f001a2cadf81312d214ca330033f474e74d81a003e21e8c5d70a1f46dc97b02d"
  },
  "workspace": {
    "packageJson": {
      "dependencies": [
        "npm:@babel/core@^7.25.2",
        "npm:@expo/config-plugins@9.0",
        "npm:@expo/vector-icons@~14.0.4",
        "npm:@google/generative-ai@~0.24.1",
        "npm:@react-native-async-storage/async-storage@1.23.1",
        "npm:@react-native-community/blur@^4.4.1",
        "npm:@react-navigation/bottom-tabs@^7.4.3",
        "npm:@react-navigation/elements@^2.3.8",
        "npm:@react-navigation/native-stack@^7.3.22",
        "npm:@react-navigation/native@^7.1.15",
        "npm:@react-navigation/stack@^7.4.4",
        "npm:@react-three/drei@^9.56.5",
        "npm:@react-three/fiber@8.15.17",
        "npm:@shopify/react-native-skia@1.5.0",
        "npm:@supabase/supabase-js@^2.52.1",
        "npm:@types/react@~18.3.12",
        "npm:axios@^1.11.0",
        "npm:d3-shape@^3.2.0",
        "npm:d3@^7.9.0",
        "npm:eslint-config-expo@~8.0.1",
        "npm:eslint@^8.57.0",
        "npm:expo-asset@~11.0.5",
        "npm:expo-blur@~14.0.3",
        "npm:expo-camera@~16.0.18",
        "npm:expo-constants@~17.0.8",
        "npm:expo-dev-client@~5.0.20",
        "npm:expo-device@~7.0.3",
        "npm:expo-font@~13.0.4",
        "npm:expo-gl@~15.0.5",
        "npm:expo-haptics@~14.0.1",
        "npm:expo-image@~2.0.7",
        "npm:expo-linear-gradient@~14.0.2",
        "npm:expo-linking@~7.0.5",
        "npm:expo-location@~18.0.10",
        "npm:expo-media-library@~17.0.6",
        "npm:expo-secure-store@~14.0.1",
        "npm:expo-sensors@~14.0.2",
        "npm:expo-splash-screen@~0.29.24",
        "npm:expo-status-bar@~2.0.1",
        "npm:expo-symbols@~0.2.2",
        "npm:expo-system-ui@~4.0.9",
        "npm:expo-web-browser@~14.0.2",
        "npm:expo@^52.0.47",
        "npm:react-dom@18.3.1",
        "npm:react-native-dotenv@^3.4.11",
        "npm:react-native-gesture-handler@~2.20.2",
        "npm:react-native-maps@^1.26.17",
        "npm:react-native-reanimated@~3.16.1",
        "npm:react-native-safe-area-context@4.12.0",
        "npm:react-native-screens@4.4",
        "npm:react-native-svg@15.8.0",
        "npm:react-native-url-polyfill@2",
        "npm:react-native-vision-camera@^4.7.1",
        "npm:react-native-web@~0.19.13",
        "npm:react-native-webview@13.12.5",
        "npm:react-native@0.76.9",
        "npm:react@18.3.1",
        "npm:supabase@^2.33.7",
        "npm:three@0.152.2",
        "npm:typescript@~5.9.2",
        "npm:zustand@^5.0.6"
      ]
    }
  }
}
